// !$*UTF8*$!
{
	archiveVersion = 1;
	classes = {
	};
	objectVersion = 56;
	objects = {

/* Begin PBXBuildFile section */
		4B2D17802CB1F9D0001137F7 /* SwiftUIIntrospect in Frameworks */ = {isa = PBXBuildFile; productRef = 4B2D177F2CB1F9D0001137F7 /* SwiftUIIntrospect */; };
		4B2D17862CB1F9F2001137F7 /* SwiftUIIntrospect in Frameworks */ = {isa = PBXBuildFile; productRef = 4B2D17852CB1F9F2001137F7 /* SwiftUIIntrospect */; };
		4B31DA262CACC0A7005B3984 /* ContentView.swift in Sources */ = {isa = PBXBuildFile; fileRef = 4B31DA252CACC0A0005B3984 /* ContentView.swift */; };
		4B31DA282CACC17A005B3984 /* TrendsView.swift in Sources */ = {isa = PBXBuildFile; fileRef = 4B31DA272CACC176005B3984 /* TrendsView.swift */; };
		4B31DA2A2CACC2FA005B3984 /* WorkoutChartView.swift in Sources */ = {isa = PBXBuildFile; fileRef = 4B31DA292CACC2F5005B3984 /* WorkoutChartView.swift */; };
		4B78EC452D4825EF005BD630 /* AddWorkoutViewModel.swift in Sources */ = {isa = PBXBuildFile; fileRef = 4B78EC442D4825EA005BD630 /* AddWorkoutViewModel.swift */; };
		4B9F71D82CA4F81D009706C6 /* CSVExporter.swift in Sources */ = {isa = PBXBuildFile; fileRef = 4B9F71D72CA4F81D009706C6 /* CSVExporter.swift */; };
		4B9F71DA2CA4F9E5009706C6 /* CSVImporter.swift in Sources */ = {isa = PBXBuildFile; fileRef = 4B9F71D92CA4F9E5009706C6 /* CSVImporter.swift */; };
		4BA93FC12C86B7B300973198 /* FitnessTrackerApp.swift in Sources */ = {isa = PBXBuildFile; fileRef = 4BA93FC02C86B7B300973198 /* FitnessTrackerApp.swift */; };
		4BA93FC32C86B7B300973198 /* ExercisesListView.swift in Sources */ = {isa = PBXBuildFile; fileRef = 4BA93FC22C86B7B300973198 /* ExercisesListView.swift */; };
		4BA93FC52C86B7B400973198 /* Assets.xcassets in Resources */ = {isa = PBXBuildFile; fileRef = 4BA93FC42C86B7B400973198 /* Assets.xcassets */; };
		4BA93FC82C86B7B400973198 /* Preview Assets.xcassets in Resources */ = {isa = PBXBuildFile; fileRef = 4BA93FC72C86B7B400973198 /* Preview Assets.xcassets */; };
		4BB21AA62C86D48300C1DEDE /* AddWorkoutView.swift in Sources */ = {isa = PBXBuildFile; fileRef = 4BB21AA52C86D48300C1DEDE /* AddWorkoutView.swift */; };
		4BB21AA82C86D4BC00C1DEDE /* Data.swift in Sources */ = {isa = PBXBuildFile; fileRef = 4BB21AA72C86D4BC00C1DEDE /* Data.swift */; };
		4BB21AAA2C86E11300C1DEDE /* KeyboardToolbar.swift in Sources */ = {isa = PBXBuildFile; fileRef = 4BB21AA92C86E11300C1DEDE /* KeyboardToolbar.swift */; };
		4BB21AAE2C8813E300C1DEDE /* WorkoutDetailView.swift in Sources */ = {isa = PBXBuildFile; fileRef = 4BB21AAD2C8813E300C1DEDE /* WorkoutDetailView.swift */; };
		4BD095A72D7E588300F4769F /* Recommender.swift in Sources */ = {isa = PBXBuildFile; fileRef = 4BD095A62D7E588100F4769F /* Recommender.swift */; };
		4BF3492F2CCEFD0C00891FAE /* SliderView.swift in Sources */ = {isa = PBXBuildFile; fileRef = 4BF3492E2CCEFCFD00891FAE /* SliderView.swift */; };
/* End PBXBuildFile section */

/* Begin PBXCopyFilesBuildPhase section */
		4B2D178C2CB1FA06001137F7 /* Embed Frameworks */ = {
			isa = PBXCopyFilesBuildPhase;
			buildActionMask = 2147483647;
			dstPath = "";
			dstSubfolderSpec = 10;
			files = (
			);
			name = "Embed Frameworks";
			runOnlyForDeploymentPostprocessing = 0;
		};
/* End PBXCopyFilesBuildPhase section */

/* Begin PBXFileReference section */
		4B31DA252CACC0A0005B3984 /* ContentView.swift */ = {isa = PBXFileReference; lastKnownFileType = sourcecode.swift; path = ContentView.swift; sourceTree = "<group>"; };
		4B31DA272CACC176005B3984 /* TrendsView.swift */ = {isa = PBXFileReference; lastKnownFileType = sourcecode.swift; path = TrendsView.swift; sourceTree = "<group>"; };
		4B31DA292CACC2F5005B3984 /* WorkoutChartView.swift */ = {isa = PBXFileReference; lastKnownFileType = sourcecode.swift; path = WorkoutChartView.swift; sourceTree = "<group>"; };
		4B78EC442D4825EA005BD630 /* AddWorkoutViewModel.swift */ = {isa = PBXFileReference; lastKnownFileType = sourcecode.swift; path = AddWorkoutViewModel.swift; sourceTree = "<group>"; };
		4B9F71D72CA4F81D009706C6 /* CSVExporter.swift */ = {isa = PBXFileReference; lastKnownFileType = sourcecode.swift; path = CSVExporter.swift; sourceTree = "<group>"; };
		4B9F71D92CA4F9E5009706C6 /* CSVImporter.swift */ = {isa = PBXFileReference; lastKnownFileType = sourcecode.swift; path = CSVImporter.swift; sourceTree = "<group>"; };
		4BA93FBD2C86B7B300973198 /* FitnessTracker.app */ = {isa = PBXFileReference; explicitFileType = wrapper.application; includeInIndex = 0; path = FitnessTracker.app; sourceTree = BUILT_PRODUCTS_DIR; };
		4BA93FC02C86B7B300973198 /* FitnessTrackerApp.swift */ = {isa = PBXFileReference; lastKnownFileType = sourcecode.swift; path = FitnessTrackerApp.swift; sourceTree = "<group>"; };
		4BA93FC22C86B7B300973198 /* ExercisesListView.swift */ = {isa = PBXFileReference; lastKnownFileType = sourcecode.swift; path = ExercisesListView.swift; sourceTree = "<group>"; };
		4BA93FC42C86B7B400973198 /* Assets.xcassets */ = {isa = PBXFileReference; lastKnownFileType = folder.assetcatalog; path = Assets.xcassets; sourceTree = "<group>"; };
		4BA93FC72C86B7B400973198 /* Preview Assets.xcassets */ = {isa = PBXFileReference; lastKnownFileType = folder.assetcatalog; path = "Preview Assets.xcassets"; sourceTree = "<group>"; };
		4BB21AA52C86D48300C1DEDE /* AddWorkoutView.swift */ = {isa = PBXFileReference; lastKnownFileType = sourcecode.swift; path = AddWorkoutView.swift; sourceTree = "<group>"; };
		4BB21AA72C86D4BC00C1DEDE /* Data.swift */ = {isa = PBXFileReference; lastKnownFileType = sourcecode.swift; path = Data.swift; sourceTree = "<group>"; };
		4BB21AA92C86E11300C1DEDE /* KeyboardToolbar.swift */ = {isa = PBXFileReference; lastKnownFileType = sourcecode.swift; path = KeyboardToolbar.swift; sourceTree = "<group>"; };
		4BB21AAD2C8813E300C1DEDE /* WorkoutDetailView.swift */ = {isa = PBXFileReference; lastKnownFileType = sourcecode.swift; path = WorkoutDetailView.swift; sourceTree = "<group>"; };
		4BD095A62D7E588100F4769F /* Recommender.swift */ = {isa = PBXFileReference; lastKnownFileType = sourcecode.swift; path = Recommender.swift; sourceTree = "<group>"; };
		4BF3492E2CCEFCFD00891FAE /* SliderView.swift */ = {isa = PBXFileReference; lastKnownFileType = sourcecode.swift; path = SliderView.swift; sourceTree = "<group>"; };
/* End PBXFileReference section */

/* Begin PBXFrameworksBuildPhase section */
		4BA93FBA2C86B7B300973198 /* Frameworks */ = {
			isa = PBXFrameworksBuildPhase;
			buildActionMask = 2147483647;
			files = (
				4B2D17802CB1F9D0001137F7 /* SwiftUIIntrospect in Frameworks */,
				4B2D17862CB1F9F2001137F7 /* SwiftUIIntrospect in Frameworks */,
			);
			runOnlyForDeploymentPostprocessing = 0;
		};
/* End PBXFrameworksBuildPhase section */

/* Begin PBXGroup section */
		4BA93FB42C86B7B300973198 = {
			isa = PBXGroup;
			children = (
				4BA93FBF2C86B7B300973198 /* FitnessTracker */,
				4BA93FBE2C86B7B300973198 /* Products */,
			);
			sourceTree = "<group>";
		};
		4BA93FBE2C86B7B300973198 /* Products */ = {
			isa = PBXGroup;
			children = (
				4BA93FBD2C86B7B300973198 /* FitnessTracker.app */,
			);
			name = Products;
			sourceTree = "<group>";
		};
		4BA93FBF2C86B7B300973198 /* FitnessTracker */ = {
			isa = PBXGroup;
			children = (
				4BD095A62D7E588100F4769F /* Recommender.swift */,
				4B9F71D72CA4F81D009706C6 /* CSVExporter.swift */,
				4BA93FC02C86B7B300973198 /* FitnessTrackerApp.swift */,
				4B31DA252CACC0A0005B3984 /* ContentView.swift */,
				4B31DA272CACC176005B3984 /* TrendsView.swift */,
				4BA93FC22C86B7B300973198 /* ExercisesListView.swift */,
				4BB21AA52C86D48300C1DEDE /* AddWorkoutView.swift */,
				4B78EC442D4825EA005BD630 /* AddWorkoutViewModel.swift */,
				4BB21AA92C86E11300C1DEDE /* KeyboardToolbar.swift */,
				4BF3492E2CCEFCFD00891FAE /* SliderView.swift */,
				4BB21AAD2C8813E300C1DEDE /* WorkoutDetailView.swift */,
				4B31DA292CACC2F5005B3984 /* WorkoutChartView.swift */,
				4BA93FC42C86B7B400973198 /* Assets.xcassets */,
				4BA93FC62C86B7B400973198 /* Preview Content */,
				4BB21AA72C86D4BC00C1DEDE /* Data.swift */,
				4B9F71D92CA4F9E5009706C6 /* CSVImporter.swift */,
			);
			path = FitnessTracker;
			sourceTree = "<group>";
		};
		4BA93FC62C86B7B400973198 /* Preview Content */ = {
			isa = PBXGroup;
			children = (
				4BA93FC72C86B7B400973198 /* Preview Assets.xcassets */,
			);
			path = "Preview Content";
			sourceTree = "<group>";
		};
/* End PBXGroup section */

/* Begin PBXNativeTarget section */
		4BA93FBC2C86B7B300973198 /* FitnessTracker */ = {
			isa = PBXNativeTarget;
			buildConfigurationList = 4BA93FCB2C86B7B400973198 /* Build configuration list for PBXNativeTarget "FitnessTracker" */;
			buildPhases = (
				4BA93FB92C86B7B300973198 /* Sources */,
				4BA93FBA2C86B7B300973198 /* Frameworks */,
				4BA93FBB2C86B7B300973198 /* Resources */,
				4B2D178C2CB1FA06001137F7 /* Embed Frameworks */,
			);
			buildRules = (
			);
			dependencies = (
			);
			name = FitnessTracker;
			productName = FitnessTracker;
			productReference = 4BA93FBD2C86B7B300973198 /* FitnessTracker.app */;
			productType = "com.apple.product-type.application";
		};
/* End PBXNativeTarget section */

/* Begin PBXProject section */
		4BA93FB52C86B7B300973198 /* Project object */ = {
			isa = PBXProject;
			attributes = {
				BuildIndependentTargetsInParallel = 1;
				LastSwiftUpdateCheck = 1500;
				LastUpgradeCheck = 1500;
				TargetAttributes = {
					4BA93FBC2C86B7B300973198 = {
						CreatedOnToolsVersion = 15.0;
					};
				};
			};
			buildConfigurationList = 4BA93FB82C86B7B300973198 /* Build configuration list for PBXProject "FitnessTracker" */;
			compatibilityVersion = "Xcode 14.0";
			developmentRegion = en;
			hasScannedForEncodings = 0;
			knownRegions = (
				en,
				Base,
			);
			mainGroup = 4BA93FB42C86B7B300973198;
			packageReferences = (
				4B2D177E2CB1F9D0001137F7 /* XCRemoteSwiftPackageReference "swiftui-introspect" */,
			);
			productRefGroup = 4BA93FBE2C86B7B300973198 /* Products */;
			projectDirPath = "";
			projectRoot = "";
			targets = (
				4BA93FBC2C86B7B300973198 /* FitnessTracker */,
			);
		};
/* End PBXProject section */

/* Begin PBXResourcesBuildPhase section */
		4BA93FBB2C86B7B300973198 /* Resources */ = {
			isa = PBXResourcesBuildPhase;
			buildActionMask = 2147483647;
			files = (
				4BA93FC82C86B7B400973198 /* Preview Assets.xcassets in Resources */,
				4BA93FC52C86B7B400973198 /* Assets.xcassets in Resources */,
			);
			runOnlyForDeploymentPostprocessing = 0;
		};
/* End PBXResourcesBuildPhase section */

/* Begin PBXSourcesBuildPhase section */
		4BA93FB92C86B7B300973198 /* Sources */ = {
			isa = PBXSourcesBuildPhase;
			buildActionMask = 2147483647;
			files = (
				4B31DA282CACC17A005B3984 /* TrendsView.swift in Sources */,
				4BA93FC32C86B7B300973198 /* ExercisesListView.swift in Sources */,
				4BB21AAE2C8813E300C1DEDE /* WorkoutDetailView.swift in Sources */,
				4B9F71DA2CA4F9E5009706C6 /* CSVImporter.swift in Sources */,
				4BB21AAA2C86E11300C1DEDE /* KeyboardToolbar.swift in Sources */,
				4BB21AA62C86D48300C1DEDE /* AddWorkoutView.swift in Sources */,
				4B31DA262CACC0A7005B3984 /* ContentView.swift in Sources */,
				4B78EC452D4825EF005BD630 /* AddWorkoutViewModel.swift in Sources */,
				4B9F71D82CA4F81D009706C6 /* CSVExporter.swift in Sources */,
				4BA93FC12C86B7B300973198 /* FitnessTrackerApp.swift in Sources */,
				4BB21AA82C86D4BC00C1DEDE /* Data.swift in Sources */,
				4BD095A72D7E588300F4769F /* Recommender.swift in Sources */,
				4B31DA2A2CACC2FA005B3984 /* WorkoutChartView.swift in Sources */,
				4BF3492F2CCEFD0C00891FAE /* SliderView.swift in Sources */,
			);
			runOnlyForDeploymentPostprocessing = 0;
		};
/* End PBXSourcesBuildPhase section */

/* Begin XCBuildConfiguration section */
		4BA93FC92C86B7B400973198 /* Debug */ = {
			isa = XCBuildConfiguration;
			buildSettings = {
				ALWAYS_SEARCH_USER_PATHS = NO;
				ASSETCATALOG_COMPILER_GENERATE_SWIFT_ASSET_SYMBOL_EXTENSIONS = YES;
				CLANG_ANALYZER_NONNULL = YES;
				CLANG_ANALYZER_NUMBER_OBJECT_CONVERSION = YES_AGGRESSIVE;
				CLANG_CXX_LANGUAGE_STANDARD = "gnu++20";
				CLANG_ENABLE_MODULES = YES;
				CLANG_ENABLE_OBJC_ARC = YES;
				CLANG_ENABLE_OBJC_WEAK = YES;
				CLANG_WARN_BLOCK_CAPTURE_AUTORELEASING = YES;
				CLANG_WARN_BOOL_CONVERSION = YES;
				CLANG_WARN_COMMA = YES;
				CLANG_WARN_CONSTANT_CONVERSION = YES;
				CLANG_WARN_DEPRECATED_OBJC_IMPLEMENTATIONS = YES;
				CLANG_WARN_DIRECT_OBJC_ISA_USAGE = YES_ERROR;
				CLANG_WARN_DOCUMENTATION_COMMENTS = YES;
				CLANG_WARN_EMPTY_BODY = YES;
				CLANG_WARN_ENUM_CONVERSION = YES;
				CLANG_WARN_INFINITE_RECURSION = YES;
				CLANG_WARN_INT_CONVERSION = YES;
				CLANG_WARN_NON_LITERAL_NULL_CONVERSION = YES;
				CLANG_WARN_OBJC_IMPLICIT_RETAIN_SELF = YES;
				CLANG_WARN_OBJC_LITERAL_CONVERSION = YES;
				CLANG_WARN_OBJC_ROOT_CLASS = YES_ERROR;
				CLANG_WARN_QUOTED_INCLUDE_IN_FRAMEWORK_HEADER = YES;
				CLANG_WARN_RANGE_LOOP_ANALYSIS = YES;
				CLANG_WARN_STRICT_PROTOTYPES = YES;
				CLANG_WARN_SUSPICIOUS_MOVE = YES;
				CLANG_WARN_UNGUARDED_AVAILABILITY = YES_AGGRESSIVE;
				CLANG_WARN_UNREACHABLE_CODE = YES;
				CLANG_WARN__DUPLICATE_METHOD_MATCH = YES;
				COPY_PHASE_STRIP = NO;
				DEBUG_INFORMATION_FORMAT = dwarf;
				ENABLE_STRICT_OBJC_MSGSEND = YES;
				ENABLE_TESTABILITY = YES;
				ENABLE_USER_SCRIPT_SANDBOXING = YES;
				GCC_C_LANGUAGE_STANDARD = gnu17;
				GCC_DYNAMIC_NO_PIC = NO;
				GCC_NO_COMMON_BLOCKS = YES;
				GCC_OPTIMIZATION_LEVEL = 0;
				GCC_PREPROCESSOR_DEFINITIONS = (
					"DEBUG=1",
					"$(inherited)",
				);
				GCC_WARN_64_TO_32_BIT_CONVERSION = YES;
				GCC_WARN_ABOUT_RETURN_TYPE = YES_ERROR;
				GCC_WARN_UNDECLARED_SELECTOR = YES;
				GCC_WARN_UNINITIALIZED_AUTOS = YES_AGGRESSIVE;
				GCC_WARN_UNUSED_FUNCTION = YES;
				GCC_WARN_UNUSED_VARIABLE = YES;
				IPHONEOS_DEPLOYMENT_TARGET = 17.0;
				LOCALIZATION_PREFERS_STRING_CATALOGS = YES;
				MTL_ENABLE_DEBUG_INFO = INCLUDE_SOURCE;
				MTL_FAST_MATH = YES;
				ONLY_ACTIVE_ARCH = YES;
				SDKROOT = iphoneos;
				SWIFT_ACTIVE_COMPILATION_CONDITIONS = "DEBUG $(inherited)";
				SWIFT_OPTIMIZATION_LEVEL = "-Onone";
			};
			name = Debug;
		};
		4BA93FCA2C86B7B400973198 /* Release */ = {
			isa = XCBuildConfiguration;
			buildSettings = {
				ALWAYS_SEARCH_USER_PATHS = NO;
				ASSETCATALOG_COMPILER_GENERATE_SWIFT_ASSET_SYMBOL_EXTENSIONS = YES;
				CLANG_ANALYZER_NONNULL = YES;
				CLANG_ANALYZER_NUMBER_OBJECT_CONVERSION = YES_AGGRESSIVE;
				CLANG_CXX_LANGUAGE_STANDARD = "gnu++20";
				CLANG_ENABLE_MODULES = YES;
				CLANG_ENABLE_OBJC_ARC = YES;
				CLANG_ENABLE_OBJC_WEAK = YES;
				CLANG_WARN_BLOCK_CAPTURE_AUTORELEASING = YES;
				CLANG_WARN_BOOL_CONVERSION = YES;
				CLANG_WARN_COMMA = YES;
				CLANG_WARN_CONSTANT_CONVERSION = YES;
				CLANG_WARN_DEPRECATED_OBJC_IMPLEMENTATIONS = YES;
				CLANG_WARN_DIRECT_OBJC_ISA_USAGE = YES_ERROR;
				CLANG_WARN_DOCUMENTATION_COMMENTS = YES;
				CLANG_WARN_EMPTY_BODY = YES;
				CLANG_WARN_ENUM_CONVERSION = YES;
				CLANG_WARN_INFINITE_RECURSION = YES;
				CLANG_WARN_INT_CONVERSION = YES;
				CLANG_WARN_NON_LITERAL_NULL_CONVERSION = YES;
				CLANG_WARN_OBJC_IMPLICIT_RETAIN_SELF = YES;
				CLANG_WARN_OBJC_LITERAL_CONVERSION = YES;
				CLANG_WARN_OBJC_ROOT_CLASS = YES_ERROR;
				CLANG_WARN_QUOTED_INCLUDE_IN_FRAMEWORK_HEADER = YES;
				CLANG_WARN_RANGE_LOOP_ANALYSIS = YES;
				CLANG_WARN_STRICT_PROTOTYPES = YES;
				CLANG_WARN_SUSPICIOUS_MOVE = YES;
				CLANG_WARN_UNGUARDED_AVAILABILITY = YES_AGGRESSIVE;
				CLANG_WARN_UNREACHABLE_CODE = YES;
				CLANG_WARN__DUPLICATE_METHOD_MATCH = YES;
				COPY_PHASE_STRIP = NO;
				DEBUG_INFORMATION_FORMAT = "dwarf-with-dsym";
				ENABLE_NS_ASSERTIONS = NO;
				ENABLE_STRICT_OBJC_MSGSEND = YES;
				ENABLE_USER_SCRIPT_SANDBOXING = YES;
				GCC_C_LANGUAGE_STANDARD = gnu17;
				GCC_NO_COMMON_BLOCKS = YES;
				GCC_WARN_64_TO_32_BIT_CONVERSION = YES;
				GCC_WARN_ABOUT_RETURN_TYPE = YES_ERROR;
				GCC_WARN_UNDECLARED_SELECTOR = YES;
				GCC_WARN_UNINITIALIZED_AUTOS = YES_AGGRESSIVE;
				GCC_WARN_UNUSED_FUNCTION = YES;
				GCC_WARN_UNUSED_VARIABLE = YES;
				IPHONEOS_DEPLOYMENT_TARGET = 17.0;
				LOCALIZATION_PREFERS_STRING_CATALOGS = YES;
				MTL_ENABLE_DEBUG_INFO = NO;
				MTL_FAST_MATH = YES;
				SDKROOT = iphoneos;
				SWIFT_COMPILATION_MODE = wholemodule;
				VALIDATE_PRODUCT = YES;
			};
			name = Release;
		};
		4BA93FCC2C86B7B400973198 /* Debug */ = {
			isa = XCBuildConfiguration;
			buildSettings = {
				ASSETCATALOG_COMPILER_APPICON_NAME = AppIcon;
				ASSETCATALOG_COMPILER_GLOBAL_ACCENT_COLOR_NAME = AccentColor;
				CODE_SIGN_STYLE = Automatic;
				CURRENT_PROJECT_VERSION = 1;
				DEVELOPMENT_ASSET_PATHS = "\"FitnessTracker/Preview Content\"";
				DEVELOPMENT_TEAM = RYRSSY3589;
				ENABLE_PREVIEWS = YES;
				GENERATE_INFOPLIST_FILE = YES;
				INFOPLIST_KEY_UIApplicationSceneManifest_Generation = YES;
				INFOPLIST_KEY_UIApplicationSupportsIndirectInputEvents = YES;
				INFOPLIST_KEY_UILaunchScreen_Generation = YES;
				INFOPLIST_KEY_UISupportedInterfaceOrientations_iPad = "UIInterfaceOrientationPortrait UIInterfaceOrientationPortraitUpsideDown UIInterfaceOrientationLandscapeLeft UIInterfaceOrientationLandscapeRight";
				INFOPLIST_KEY_UISupportedInterfaceOrientations_iPhone = "UIInterfaceOrientationPortrait UIInterfaceOrientationLandscapeLeft UIInterfaceOrientationLandscapeRight";
				LD_RUNPATH_SEARCH_PATHS = (
					"$(inherited)",
					"@executable_path/Frameworks",
				);
				MARKETING_VERSION = 1.0;
				PRODUCT_BUNDLE_IDENTIFIER = com.oz.fitness.FitnessTracker;
				PRODUCT_NAME = "$(TARGET_NAME)";
				SWIFT_EMIT_LOC_STRINGS = YES;
				SWIFT_VERSION = 5.0;
				TARGETED_DEVICE_FAMILY = "1,2";
			};
			name = Debug;
		};
		4BA93FCD2C86B7B400973198 /* Release */ = {
			isa = XCBuildConfiguration;
			buildSettings = {
				ASSETCATALOG_COMPILER_APPICON_NAME = AppIcon;
				ASSETCATALOG_COMPILER_GLOBAL_ACCENT_COLOR_NAME = AccentColor;
				CODE_SIGN_STYLE = Automatic;
				CURRENT_PROJECT_VERSION = 1;
				DEVELOPMENT_ASSET_PATHS = "\"FitnessTracker/Preview Content\"";
				DEVELOPMENT_TEAM = RYRSSY3589;
				ENABLE_PREVIEWS = YES;
				GENERATE_INFOPLIST_FILE = YES;
				INFOPLIST_KEY_UIApplicationSceneManifest_Generation = YES;
				INFOPLIST_KEY_UIApplicationSupportsIndirectInputEvents = YES;
				INFOPLIST_KEY_UILaunchScreen_Generation = YES;
				INFOPLIST_KEY_UISupportedInterfaceOrientations_iPad = "UIInterfaceOrientationPortrait UIInterfaceOrientationPortraitUpsideDown UIInterfaceOrientationLandscapeLeft UIInterfaceOrientationLandscapeRight";
				INFOPLIST_KEY_UISupportedInterfaceOrientations_iPhone = "UIInterfaceOrientationPortrait UIInterfaceOrientationLandscapeLeft UIInterfaceOrientationLandscapeRight";
				LD_RUNPATH_SEARCH_PATHS = (
					"$(inherited)",
					"@executable_path/Frameworks",
				);
				MARKETING_VERSION = 1.0;
				PRODUCT_BUNDLE_IDENTIFIER = com.oz.fitness.FitnessTracker;
				PRODUCT_NAME = "$(TARGET_NAME)";
				SWIFT_EMIT_LOC_STRINGS = YES;
				SWIFT_VERSION = 5.0;
				TARGETED_DEVICE_FAMILY = "1,2";
			};
			name = Release;
		};
/* End XCBuildConfiguration section */

/* Begin XCConfigurationList section */
		4BA93FB82C86B7B300973198 /* Build configuration list for PBXProject "FitnessTracker" */ = {
			isa = XCConfigurationList;
			buildConfigurations = (
				4BA93FC92C86B7B400973198 /* Debug */,
				4BA93FCA2C86B7B400973198 /* Release */,
			);
			defaultConfigurationIsVisible = 0;
			defaultConfigurationName = Release;
		};
		4BA93FCB2C86B7B400973198 /* Build configuration list for PBXNativeTarget "FitnessTracker" */ = {
			isa = XCConfigurationList;
			buildConfigurations = (
				4BA93FCC2C86B7B400973198 /* Debug */,
				4BA93FCD2C86B7B400973198 /* Release */,
			);
			defaultConfigurationIsVisible = 0;
			defaultConfigurationName = Release;
		};
/* End XCConfigurationList section */

/* Begin XCRemoteSwiftPackageReference section */
		4B2D177E2CB1F9D0001137F7 /* XCRemoteSwiftPackageReference "swiftui-introspect" */ = {
			isa = XCRemoteSwiftPackageReference;
			repositoryURL = "https://github.com/siteline/swiftui-introspect";
			requirement = {
				kind = upToNextMajorVersion;
				minimumVersion = 1.3.0;
			};
		};
/* End XCRemoteSwiftPackageReference section */

/* Begin XCSwiftPackageProductDependency section */
		4B2D177F2CB1F9D0001137F7 /* SwiftUIIntrospect */ = {
			isa = XCSwiftPackageProductDependency;
			package = 4B2D177E2CB1F9D0001137F7 /* XCRemoteSwiftPackageReference "swiftui-introspect" */;
			productName = SwiftUIIntrospect;
		};
		4B2D17852CB1F9F2001137F7 /* SwiftUIIntrospect */ = {
			isa = XCSwiftPackageProductDependency;
			package = 4B2D177E2CB1F9D0001137F7 /* XCRemoteSwiftPackageReference "swiftui-introspect" */;
			productName = SwiftUIIntrospect;
		};
/* End XCSwiftPackageProductDependency section */
	};
	rootObject = 4BA93FB52C86B7B300973198 /* Project object */;
}
